
Microsoft Visual Studio Solution File, Format Version 12.00
# Visual Studio Version 17
VisualStudioVersion = 17.7.34003.232
MinimumVisualStudioVersion = 10.0.40219.1
Project("{9A19103F-16F7-4668-BE54-9A1E7A4F7556}") = "OrderApi", "OrderApi.csproj", "{14ADA0C6-5D72-4E87-A1C5-BC478D24D7AA}"
EndProject
Project("{9A19103F-16F7-4668-BE54-9A1E7A4F7556}") = "OrderNotificationApi", "..\OrderNotificationApi\OrderNotificationApi.csproj", "{3F77F260-61F4-4CFF-9AEC-E959C14E783D}"
EndProject
Global
	GlobalSection(SolutionConfigurationPlatforms) = preSolution
		Debug|Any CPU = Debug|Any CPU
		Release|Any CPU = Release|Any CPU
	EndGlobalSection
	GlobalSection(ProjectConfigurationPlatforms) = postSolution
		{14ADA0C6-5D72-4E87-A1C5-BC478D24D7AA}.Debug|Any CPU.ActiveCfg = Debug|Any CPU
		{14ADA0C6-5D72-4E87-A1C5-BC478D24D7AA}.Debug|Any CPU.Build.0 = Debug|Any CPU
		{14ADA0C6-5D72-4E87-A1C5-BC478D24D7AA}.Release|Any CPU.ActiveCfg = Release|Any CPU
		{14ADA0C6-5D72-4E87-A1C5-BC478D24D7AA}.Release|Any CPU.Build.0 = Release|Any CPU
		{3F77F260-61F4-4CFF-9AEC-E959C14E783D}.Debug|Any CPU.ActiveCfg = Debug|Any CPU
		{3F77F260-61F4-4CFF-9AEC-E959C14E783D}.Debug|Any CPU.Build.0 = Debug|Any CPU
		{3F77F260-61F4-4CFF-9AEC-E959C14E783D}.Release|Any CPU.ActiveCfg = Release|Any CPU
		{3F77F260-61F4-4CFF-9AEC-E959C14E783D}.Release|Any CPU.Build.0 = Release|Any CPU
	EndGlobalSection
	GlobalSection(SolutionProperties) = preSolution
		HideSolutionNode = FALSE
	EndGlobalSection
	GlobalSection(ExtensibilityGlobals) = postSolution
		SolutionGuid = {C1B3EE66-60B6-4C85-9D20-096A6780445E}
	EndGlobalSection
EndGlobal
